
Microsoft Visual Studio Solution File, Format Version 12.00
# Visual Studio 15
VisualStudioVersion = 15.0.28307.2092
MinimumVisualStudioVersion = 10.0.40219.1
Project("{8BC9CEB8-8B4A-11D0-8D11-00A0C91BC942}") = "EnclaveDemo", "EnclaveDemo\EnclaveDemo.vcxproj", "{F920CEAE-2788-41FA-931C-D310E0B1B761}"
EndProject
Project("{8BC9CEB8-8B4A-11D0-8D11-00A0C91BC942}") = "AppDemo", "AppDemo\AppDemo.vcxproj", "{EA81FAC9-3D71-4C64-BB1E-3827C9227905}"
	ProjectSection(ProjectDependencies) = postProject
		{F920CEAE-2788-41FA-931C-D310E0B1B761} = {F920CEAE-2788-41FA-931C-D310E0B1B761}
	EndProjectSection
EndProject
Global
	GlobalSection(SolutionConfigurationPlatforms) = preSolution
		CVE-2020-0551-CF-Prerelease|x64 = CVE-2020-0551-CF-Prerelease|x64
		CVE-2020-0551-CF-Prerelease|x86 = CVE-2020-0551-CF-Prerelease|x86
		CVE-2020-0551-CF-Release|x64 = CVE-2020-0551-CF-Release|x64
		CVE-2020-0551-CF-Release|x86 = CVE-2020-0551-CF-Release|x86
		CVE-2020-0551-Load-Prerelease|x64 = CVE-2020-0551-Load-Prerelease|x64
		CVE-2020-0551-Load-Prerelease|x86 = CVE-2020-0551-Load-Prerelease|x86
		CVE-2020-0551-Load-Release|x64 = CVE-2020-0551-Load-Release|x64
		CVE-2020-0551-Load-Release|x86 = CVE-2020-0551-Load-Release|x86
		Debug|x64 = Debug|x64
		Debug|x86 = Debug|x86
		Prerelease|x64 = Prerelease|x64
		Prerelease|x86 = Prerelease|x86
		Release|x64 = Release|x64
		Release|x86 = Release|x86
		Simulation|x64 = Simulation|x64
		Simulation|x86 = Simulation|x86
	EndGlobalSection
	GlobalSection(ProjectConfigurationPlatforms) = postSolution
		{F920CEAE-2788-41FA-931C-D310E0B1B761}.CVE-2020-0551-CF-Prerelease|x64.ActiveCfg = CVE-2020-0551-CF-Prerelease|x64
		{F920CEAE-2788-41FA-931C-D310E0B1B761}.CVE-2020-0551-CF-Prerelease|x64.Build.0 = CVE-2020-0551-CF-Prerelease|x64
		{F920CEAE-2788-41FA-931C-D310E0B1B761}.CVE-2020-0551-CF-Prerelease|x86.ActiveCfg = CVE-2020-0551-CF-Prerelease|x64
		{F920CEAE-2788-41FA-931C-D310E0B1B761}.CVE-2020-0551-CF-Release|x64.ActiveCfg = CVE-2020-0551-CF-Release|x64
		{F920CEAE-2788-41FA-931C-D310E0B1B761}.CVE-2020-0551-CF-Release|x64.Build.0 = CVE-2020-0551-CF-Release|x64
		{F920CEAE-2788-41FA-931C-D310E0B1B761}.CVE-2020-0551-CF-Release|x86.ActiveCfg = CVE-2020-0551-CF-Release|x64
		{F920CEAE-2788-41FA-931C-D310E0B1B761}.CVE-2020-0551-Load-Prerelease|x64.ActiveCfg = CVE-2020-0551-Load-Prerelease|x64
		{F920CEAE-2788-41FA-931C-D310E0B1B761}.CVE-2020-0551-Load-Prerelease|x64.Build.0 = CVE-2020-0551-Load-Prerelease|x64
		{F920CEAE-2788-41FA-931C-D310E0B1B761}.CVE-2020-0551-Load-Prerelease|x86.ActiveCfg = CVE-2020-0551-Load-Prerelease|x64
		{F920CEAE-2788-41FA-931C-D310E0B1B761}.CVE-2020-0551-Load-Release|x64.ActiveCfg = CVE-2020-0551-Load-Release|x64
		{F920CEAE-2788-41FA-931C-D310E0B1B761}.CVE-2020-0551-Load-Release|x64.Build.0 = CVE-2020-0551-Load-Release|x64
		{F920CEAE-2788-41FA-931C-D310E0B1B761}.CVE-2020-0551-Load-Release|x86.ActiveCfg = CVE-2020-0551-Load-Release|x64
		{F920CEAE-2788-41FA-931C-D310E0B1B761}.Debug|x64.ActiveCfg = Debug|x64
		{F920CEAE-2788-41FA-931C-D310E0B1B761}.Debug|x64.Build.0 = Debug|x64
		{F920CEAE-2788-41FA-931C-D310E0B1B761}.Debug|x86.ActiveCfg = Debug|Win32
		{F920CEAE-2788-41FA-931C-D310E0B1B761}.Debug|x86.Build.0 = Debug|Win32
		{F920CEAE-2788-41FA-931C-D310E0B1B761}.Prerelease|x64.ActiveCfg = Prerelease|x64
		{F920CEAE-2788-41FA-931C-D310E0B1B761}.Prerelease|x64.Build.0 = Prerelease|x64
		{F920CEAE-2788-41FA-931C-D310E0B1B761}.Prerelease|x86.ActiveCfg = Prerelease|Win32
		{F920CEAE-2788-41FA-931C-D310E0B1B761}.Prerelease|x86.Build.0 = Prerelease|Win32
		{F920CEAE-2788-41FA-931C-D310E0B1B761}.Release|x64.ActiveCfg = Release|x64
		{F920CEAE-2788-41FA-931C-D310E0B1B761}.Release|x64.Build.0 = Release|x64
		{F920CEAE-2788-41FA-931C-D310E0B1B761}.Release|x86.ActiveCfg = Release|Win32
		{F920CEAE-2788-41FA-931C-D310E0B1B761}.Release|x86.Build.0 = Release|Win32
		{F920CEAE-2788-41FA-931C-D310E0B1B761}.Simulation|x64.ActiveCfg = Simulation|x64
		{F920CEAE-2788-41FA-931C-D310E0B1B761}.Simulation|x64.Build.0 = Simulation|x64
		{F920CEAE-2788-41FA-931C-D310E0B1B761}.Simulation|x86.ActiveCfg = Simulation|Win32
		{F920CEAE-2788-41FA-931C-D310E0B1B761}.Simulation|x86.Build.0 = Simulation|Win32
		{EA81FAC9-3D71-4C64-BB1E-3827C9227905}.CVE-2020-0551-CF-Prerelease|x64.ActiveCfg = Release|x64
		{EA81FAC9-3D71-4C64-BB1E-3827C9227905}.CVE-2020-0551-CF-Prerelease|x64.Build.0 = Release|x64
		{EA81FAC9-3D71-4C64-BB1E-3827C9227905}.CVE-2020-0551-CF-Prerelease|x86.ActiveCfg = Release|Win32
		{EA81FAC9-3D71-4C64-BB1E-3827C9227905}.CVE-2020-0551-CF-Prerelease|x86.Build.0 = Release|Win32
		{EA81FAC9-3D71-4C64-BB1E-3827C9227905}.CVE-2020-0551-CF-Release|x64.ActiveCfg = Release|x64
		{EA81FAC9-3D71-4C64-BB1E-3827C9227905}.CVE-2020-0551-CF-Release|x64.Build.0 = Release|x64
		{EA81FAC9-3D71-4C64-BB1E-3827C9227905}.CVE-2020-0551-CF-Release|x86.ActiveCfg = Release|Win32
		{EA81FAC9-3D71-4C64-BB1E-3827C9227905}.CVE-2020-0551-CF-Release|x86.Build.0 = Release|Win32
		{EA81FAC9-3D71-4C64-BB1E-3827C9227905}.CVE-2020-0551-Load-Prerelease|x64.ActiveCfg = Release|x64
		{EA81FAC9-3D71-4C64-BB1E-3827C9227905}.CVE-2020-0551-Load-Prerelease|x64.Build.0 = Release|x64
		{EA81FAC9-3D71-4C64-BB1E-3827C9227905}.CVE-2020-0551-Load-Prerelease|x86.ActiveCfg = Release|Win32
		{EA81FAC9-3D71-4C64-BB1E-3827C9227905}.CVE-2020-0551-Load-Prerelease|x86.Build.0 = Release|Win32
		{EA81FAC9-3D71-4C64-BB1E-3827C9227905}.CVE-2020-0551-Load-Release|x64.ActiveCfg = Release|x64
		{EA81FAC9-3D71-4C64-BB1E-3827C9227905}.CVE-2020-0551-Load-Release|x64.Build.0 = Release|x64
		{EA81FAC9-3D71-4C64-BB1E-3827C9227905}.CVE-2020-0551-Load-Release|x86.ActiveCfg = Release|Win32
		{EA81FAC9-3D71-4C64-BB1E-3827C9227905}.CVE-2020-0551-Load-Release|x86.Build.0 = Release|Win32
		{EA81FAC9-3D71-4C64-BB1E-3827C9227905}.Debug|x64.ActiveCfg = Debug|x64
		{EA81FAC9-3D71-4C64-BB1E-3827C9227905}.Debug|x64.Build.0 = Debug|x64
		{EA81FAC9-3D71-4C64-BB1E-3827C9227905}.Debug|x86.ActiveCfg = Debug|Win32
		{EA81FAC9-3D71-4C64-BB1E-3827C9227905}.Debug|x86.Build.0 = Debug|Win32
		{EA81FAC9-3D71-4C64-BB1E-3827C9227905}.Prerelease|x64.ActiveCfg = Prerelease|x64
		{EA81FAC9-3D71-4C64-BB1E-3827C9227905}.Prerelease|x64.Build.0 = Prerelease|x64
		{EA81FAC9-3D71-4C64-BB1E-3827C9227905}.Prerelease|x86.ActiveCfg = Prerelease|Win32
		{EA81FAC9-3D71-4C64-BB1E-3827C9227905}.Prerelease|x86.Build.0 = Prerelease|Win32
		{EA81FAC9-3D71-4C64-BB1E-3827C9227905}.Release|x64.ActiveCfg = Release|x64
		{EA81FAC9-3D71-4C64-BB1E-3827C9227905}.Release|x64.Build.0 = Release|x64
		{EA81FAC9-3D71-4C64-BB1E-3827C9227905}.Release|x86.ActiveCfg = Release|Win32
		{EA81FAC9-3D71-4C64-BB1E-3827C9227905}.Release|x86.Build.0 = Release|Win32
		{EA81FAC9-3D71-4C64-BB1E-3827C9227905}.Simulation|x64.ActiveCfg = Simulation|x64
		{EA81FAC9-3D71-4C64-BB1E-3827C9227905}.Simulation|x64.Build.0 = Simulation|x64
		{EA81FAC9-3D71-4C64-BB1E-3827C9227905}.Simulation|x86.ActiveCfg = Simulation|Win32
		{EA81FAC9-3D71-4C64-BB1E-3827C9227905}.Simulation|x86.Build.0 = Simulation|Win32
	EndGlobalSection
	GlobalSection(SolutionProperties) = preSolution
		HideSolutionNode = FALSE
	EndGlobalSection
	GlobalSection(ExtensibilityGlobals) = postSolution
		SolutionGuid = {0D851047-CFA1-4D9C-8214-ECC9D22B52C2}
	EndGlobalSection
EndGlobal
